
Microsoft Visual Studio Solution File, Format Version 12.00
# Visual Studio Version 17
VisualStudioVersion = 17.3.32929.385
MinimumVisualStudioVersion = 10.0.40219.1
Project("{FAE04EC0-301F-11D3-BF4B-00C04F79EFBC}") = "RDP_Enabler", "RDP_Enabler.csproj", "{EBC3B819-EA05-48A8-BC59-FF99295146EE}"
EndProject
Global
	GlobalSection(SolutionConfigurationPlatforms) = preSolution
		Debug|Any CPU = Debug|Any CPU
		Release|Any CPU = Release|Any CPU
	EndGlobalSection
	GlobalSection(ProjectConfigurationPlatforms) = postSolution
		{EBC3B819-EA05-48A8-BC59-FF99295146EE}.Debug|Any CPU.ActiveCfg = Debug|Any CPU
		{EBC3B819-EA05-48A8-BC59-FF99295146EE}.Debug|Any CPU.Build.0 = Debug|Any CPU
		{EBC3B819-EA05-48A8-BC59-FF99295146EE}.Release|Any CPU.ActiveCfg = Release|Any CPU
		{EBC3B819-EA05-48A8-BC59-FF99295146EE}.Release|Any CPU.Build.0 = Release|Any CPU
	EndGlobalSection
	GlobalSection(SolutionProperties) = preSolution
		HideSolutionNode = FALSE
	EndGlobalSection
	GlobalSection(ExtensibilityGlobals) = postSolution
		SolutionGuid = {2A6B9E42-C773-4BD0-B671-7BCEBC81D183}
	EndGlobalSection
EndGlobal
